
Microsoft Visual Studio Solution File, Format Version 12.00
# Visual Studio 15
VisualStudioVersion = 15.0.27703.2026
MinimumVisualStudioVersion = 10.0.40219.1
Project("{FAE04EC0-301F-11D3-BF4B-00C04F79EFBC}") = "BaslerCamera", "BaslerCamera\BaslerCamera.csproj", "{1EBD6518-1251-4997-855A-DC1989ADDC7E}"
EndProject
Project("{FAE04EC0-301F-11D3-BF4B-00C04F79EFBC}") = "GCHandleForPointer", "GCHandleForPointer\GCHandleForPointer.csproj", "{F8C2F2FD-06EC-4079-B06E-6DEB7A1D3B47}"
EndProject
Global
	GlobalSection(SolutionConfigurationPlatforms) = preSolution
		Debug|Any CPU = Debug|Any CPU
		Debug|x64 = Debug|x64
		Release|Any CPU = Release|Any CPU
		Release|x64 = Release|x64
	EndGlobalSection
	GlobalSection(ProjectConfigurationPlatforms) = postSolution
		{1EBD6518-1251-4997-855A-DC1989ADDC7E}.Debug|Any CPU.ActiveCfg = Debug|Any CPU
		{1EBD6518-1251-4997-855A-DC1989ADDC7E}.Debug|Any CPU.Build.0 = Debug|Any CPU
		{1EBD6518-1251-4997-855A-DC1989ADDC7E}.Debug|x64.ActiveCfg = Debug|x64
		{1EBD6518-1251-4997-855A-DC1989ADDC7E}.Debug|x64.Build.0 = Debug|x64
		{1EBD6518-1251-4997-855A-DC1989ADDC7E}.Release|Any CPU.ActiveCfg = Release|Any CPU
		{1EBD6518-1251-4997-855A-DC1989ADDC7E}.Release|Any CPU.Build.0 = Release|Any CPU
		{1EBD6518-1251-4997-855A-DC1989ADDC7E}.Release|x64.ActiveCfg = Release|x64
		{1EBD6518-1251-4997-855A-DC1989ADDC7E}.Release|x64.Build.0 = Release|x64
		{F8C2F2FD-06EC-4079-B06E-6DEB7A1D3B47}.Debug|Any CPU.ActiveCfg = Debug|Any CPU
		{F8C2F2FD-06EC-4079-B06E-6DEB7A1D3B47}.Debug|Any CPU.Build.0 = Debug|Any CPU
		{F8C2F2FD-06EC-4079-B06E-6DEB7A1D3B47}.Debug|x64.ActiveCfg = Debug|Any CPU
		{F8C2F2FD-06EC-4079-B06E-6DEB7A1D3B47}.Debug|x64.Build.0 = Debug|Any CPU
		{F8C2F2FD-06EC-4079-B06E-6DEB7A1D3B47}.Release|Any CPU.ActiveCfg = Release|Any CPU
		{F8C2F2FD-06EC-4079-B06E-6DEB7A1D3B47}.Release|Any CPU.Build.0 = Release|Any CPU
		{F8C2F2FD-06EC-4079-B06E-6DEB7A1D3B47}.Release|x64.ActiveCfg = Release|Any CPU
		{F8C2F2FD-06EC-4079-B06E-6DEB7A1D3B47}.Release|x64.Build.0 = Release|Any CPU
	EndGlobalSection
	GlobalSection(SolutionProperties) = preSolution
		HideSolutionNode = FALSE
	EndGlobalSection
	GlobalSection(ExtensibilityGlobals) = postSolution
		SolutionGuid = {1E1A44F0-495A-4908-B515-46A19FE53334}
	EndGlobalSection
EndGlobal
